
Microsoft Visual Studio Solution File, Format Version 12.00
# Visual Studio Version 16
VisualStudioVersion = 16.0.29519.181
MinimumVisualStudioVersion = 10.0.40219.1
Project("{FAE04EC0-301F-11D3-BF4B-00C04F79EFBC}") = "WebApplication1", "WebApplication1\WebApplication1.csproj", "{43A5D7F6-66BD-4BB4-8FFD-9F40A8722C8F}"
EndProject
Global
	GlobalSection(SolutionConfigurationPlatforms) = preSolution
		Debug|Any CPU = Debug|Any CPU
		Release|Any CPU = Release|Any CPU
	EndGlobalSection
	GlobalSection(ProjectConfigurationPlatforms) = postSolution
		{43A5D7F6-66BD-4BB4-8FFD-9F40A8722C8F}.Debug|Any CPU.ActiveCfg = Debug|Any CPU
		{43A5D7F6-66BD-4BB4-8FFD-9F40A8722C8F}.Debug|Any CPU.Build.0 = Debug|Any CPU
		{43A5D7F6-66BD-4BB4-8FFD-9F40A8722C8F}.Release|Any CPU.ActiveCfg = Release|Any CPU
		{43A5D7F6-66BD-4BB4-8FFD-9F40A8722C8F}.Release|Any CPU.Build.0 = Release|Any CPU
	EndGlobalSection
	GlobalSection(SolutionProperties) = preSolution
		HideSolutionNode = FALSE
	EndGlobalSection
	GlobalSection(ExtensibilityGlobals) = postSolution
		SolutionGuid = {0AC2ED4C-70B5-4A67-88C1-D4132E159A0D}
	EndGlobalSection
EndGlobal
